
Microsoft Visual Studio Solution File, Format Version 12.00
# Visual Studio Version 17
VisualStudioVersion = 17.3.32901.215
MinimumVisualStudioVersion = 10.0.40219.1
Project("{FAE04EC0-301F-11D3-BF4B-00C04F79EFBC}") = "Module 17.6.4 Patterns FinalTask", "Module 17.6.4 Patterns FinalTask\Module 17.6.4 Patterns FinalTask.csproj", "{287D3C0D-F261-427E-98E3-934B429278EE}"
EndProject
Global
	GlobalSection(SolutionConfigurationPlatforms) = preSolution
		Debug|Any CPU = Debug|Any CPU
		Release|Any CPU = Release|Any CPU
	EndGlobalSection
	GlobalSection(ProjectConfigurationPlatforms) = postSolution
		{287D3C0D-F261-427E-98E3-934B429278EE}.Debug|Any CPU.ActiveCfg = Debug|Any CPU
		{287D3C0D-F261-427E-98E3-934B429278EE}.Debug|Any CPU.Build.0 = Debug|Any CPU
		{287D3C0D-F261-427E-98E3-934B429278EE}.Release|Any CPU.ActiveCfg = Release|Any CPU
		{287D3C0D-F261-427E-98E3-934B429278EE}.Release|Any CPU.Build.0 = Release|Any CPU
	EndGlobalSection
	GlobalSection(SolutionProperties) = preSolution
		HideSolutionNode = FALSE
	EndGlobalSection
	GlobalSection(ExtensibilityGlobals) = postSolution
		SolutionGuid = {BE0E184F-46F1-4194-8746-29F63D9865AB}
	EndGlobalSection
EndGlobal
